
Microsoft Visual Studio Solution File, Format Version 12.00
# Visual Studio Version 16
VisualStudioVersion = 16.0.36422.26
MinimumVisualStudioVersion = 10.0.40219.1
Project("{FAE04EC0-301F-11D3-BF4B-00C04F79EFBC}") = "Mini Bingo Game", "Mini Bingo Game.csproj", "{0D3BABEB-3490-4B30-952D-39FCA09A09F8}"
EndProject
Global
	GlobalSection(SolutionConfigurationPlatforms) = preSolution
		Debug|Any CPU = Debug|Any CPU
		Release|Any CPU = Release|Any CPU
	EndGlobalSection
	GlobalSection(ProjectConfigurationPlatforms) = postSolution
		{0D3BABEB-3490-4B30-952D-39FCA09A09F8}.Debug|Any CPU.ActiveCfg = Debug|Any CPU
		{0D3BABEB-3490-4B30-952D-39FCA09A09F8}.Debug|Any CPU.Build.0 = Debug|Any CPU
		{0D3BABEB-3490-4B30-952D-39FCA09A09F8}.Release|Any CPU.ActiveCfg = Release|Any CPU
		{0D3BABEB-3490-4B30-952D-39FCA09A09F8}.Release|Any CPU.Build.0 = Release|Any CPU
	EndGlobalSection
	GlobalSection(SolutionProperties) = preSolution
		HideSolutionNode = FALSE
	EndGlobalSection
	GlobalSection(ExtensibilityGlobals) = postSolution
		SolutionGuid = {125B367C-A936-4867-B285-197C0B629AEB}
	EndGlobalSection
EndGlobal
